PODS:
  - Alamofire (4.4.0)
  - MMDrawerController (0.5.7):
    - MMDrawerController/Core (= 0.5.7)
    - MMDrawerController/MMDrawerBarButtonItem (= 0.5.7)
    - MMDrawerController/MMDrawerVisualStates (= 0.5.7)
    - MMDrawerController/Subclass (= 0.5.7)
  - MMDrawerController/Core (0.5.7)
  - MMDrawerController/MMDrawerBarButtonItem (0.5.7):
    - MMDrawerController/Core
  - MMDrawerController/MMDrawerVisualStates (0.5.7):
    - MMDrawerController/Core
  - MMDrawerController/Subclass (0.5.7):
    - MMDrawerController/Core
  - SkyFloatingLabelTextField (3.0.0)

DEPENDENCIES:
  - Alamofire (~> 4.4)
  - MMDrawerController (~> 0.5.7)
  - SkyFloatingLabelTextField (~> 3.0)

SPEC CHECKSUMS:
  Alamofire: dc44b1600b800eb63da6a19039a0083d62a6a62d
  MMDrawerController: 7a4cf8e25596bf2434e03ce50d22a8608ddee6a1
  SkyFloatingLabelTextField: 35bc0c2653ad73c5fd8b7a34cfedf09c94367a1a

PODFILE CHECKSUM: 848ffc33e002c5d16839d4891644df91b3153803

COCOAPODS: 1.1.1
